
Microsoft Visual Studio Solution File, Format Version 12.00
# Visual Studio Version 16
VisualStudioVersion = 16.0.30406.217
MinimumVisualStudioVersion = 10.0.40219.1
Project("{2150E333-8FDC-42A3-9474-1A3956D46DE8}") = "src", "src", "{2BE0E23C-6B6D-4653-8821-614D53D30F18}"
EndProject
Project("{2150E333-8FDC-42A3-9474-1A3956D46DE8}") = "test", "test", "{B672CA30-2AE0-4A0A-AD57-4552C8772BE7}"
EndProject
Project("{FAE04EC0-301F-11D3-BF4B-00C04F79EFBC}") = "AlemdarLabs.FormDesigner.Shared", "src\AlemdarLabs.FormDesigner.Shared\AlemdarLabs.FormDesigner.Shared.csproj", "{E8A24054-EE5B-4703-962F-2675F451C6FC}"
EndProject
Project("{9A19103F-16F7-4668-BE54-9A1E7A4F7556}") = "AlemdarLabs.FormDesigner.Client", "src\AlemdarLabs.FormDesigner.Client\AlemdarLabs.FormDesigner.Client.csproj", "{91ABE472-27BA-4419-82D1-34958D7916A3}"
EndProject
Project("{9A19103F-16F7-4668-BE54-9A1E7A4F7556}") = "AlemdarLabs.FormDesigner.Server", "src\AlemdarLabs.FormDesigner.Server\AlemdarLabs.FormDesigner.Server.csproj", "{14F8C49E-4A8E-4653-9655-6B0A89A1D0A2}"
EndProject
Global
	GlobalSection(SolutionConfigurationPlatforms) = preSolution
		Debug|Any CPU = Debug|Any CPU
		Release|Any CPU = Release|Any CPU
	EndGlobalSection
	GlobalSection(ProjectConfigurationPlatforms) = postSolution
		{E8A24054-EE5B-4703-962F-2675F451C6FC}.Debug|Any CPU.ActiveCfg = Debug|Any CPU
		{E8A24054-EE5B-4703-962F-2675F451C6FC}.Debug|Any CPU.Build.0 = Debug|Any CPU
		{E8A24054-EE5B-4703-962F-2675F451C6FC}.Release|Any CPU.ActiveCfg = Release|Any CPU
		{E8A24054-EE5B-4703-962F-2675F451C6FC}.Release|Any CPU.Build.0 = Release|Any CPU
		{91ABE472-27BA-4419-82D1-34958D7916A3}.Debug|Any CPU.ActiveCfg = Debug|Any CPU
		{91ABE472-27BA-4419-82D1-34958D7916A3}.Debug|Any CPU.Build.0 = Debug|Any CPU
		{91ABE472-27BA-4419-82D1-34958D7916A3}.Release|Any CPU.ActiveCfg = Release|Any CPU
		{91ABE472-27BA-4419-82D1-34958D7916A3}.Release|Any CPU.Build.0 = Release|Any CPU
		{14F8C49E-4A8E-4653-9655-6B0A89A1D0A2}.Debug|Any CPU.ActiveCfg = Debug|Any CPU
		{14F8C49E-4A8E-4653-9655-6B0A89A1D0A2}.Debug|Any CPU.Build.0 = Debug|Any CPU
		{14F8C49E-4A8E-4653-9655-6B0A89A1D0A2}.Release|Any CPU.ActiveCfg = Release|Any CPU
		{14F8C49E-4A8E-4653-9655-6B0A89A1D0A2}.Release|Any CPU.Build.0 = Release|Any CPU
	EndGlobalSection
	GlobalSection(SolutionProperties) = preSolution
		HideSolutionNode = FALSE
	EndGlobalSection
	GlobalSection(NestedProjects) = preSolution
		{E8A24054-EE5B-4703-962F-2675F451C6FC} = {2BE0E23C-6B6D-4653-8821-614D53D30F18}
		{91ABE472-27BA-4419-82D1-34958D7916A3} = {2BE0E23C-6B6D-4653-8821-614D53D30F18}
		{14F8C49E-4A8E-4653-9655-6B0A89A1D0A2} = {2BE0E23C-6B6D-4653-8821-614D53D30F18}
	EndGlobalSection
	GlobalSection(ExtensibilityGlobals) = postSolution
		SolutionGuid = {A90CD1EA-B6B9-4273-BE34-3F8A544156E3}
	EndGlobalSection
EndGlobal
